
Microsoft Visual Studio Solution File, Format Version 12.00
# Visual Studio Version 17
VisualStudioVersion = 17.8.34316.72
MinimumVisualStudioVersion = 10.0.40219.1
Project("{FAE04EC0-301F-11D3-BF4B-00C04F79EFBC}") = "Rgis1", "Rgis1\Rgis1.csproj", "{5055CDC3-5334-4EF4-979B-EBA1F15E0E7D}"
EndProject
Global
	GlobalSection(SolutionConfigurationPlatforms) = preSolution
		Debug|Any CPU = Debug|Any CPU
		Release|Any CPU = Release|Any CPU
	EndGlobalSection
	GlobalSection(ProjectConfigurationPlatforms) = postSolution
		{5055CDC3-5334-4EF4-979B-EBA1F15E0E7D}.Debug|Any CPU.ActiveCfg = Debug|Any CPU
		{5055CDC3-5334-4EF4-979B-EBA1F15E0E7D}.Debug|Any CPU.Build.0 = Debug|Any CPU
		{5055CDC3-5334-4EF4-979B-EBA1F15E0E7D}.Release|Any CPU.ActiveCfg = Release|Any CPU
		{5055CDC3-5334-4EF4-979B-EBA1F15E0E7D}.Release|Any CPU.Build.0 = Release|Any CPU
	EndGlobalSection
	GlobalSection(SolutionProperties) = preSolution
		HideSolutionNode = FALSE
	EndGlobalSection
	GlobalSection(ExtensibilityGlobals) = postSolution
		SolutionGuid = {5DC6198F-0BCC-4033-A8F5-33097F11380B}
	EndGlobalSection
EndGlobal
